{
  "version": 4,
  "terraform_version": "1.6.2",
  "serial": 25,
  "lineage": "d605e420-6d0b-42c5-c95c-5d6f8bec9ede",
  "outputs": {},
  "resources": [
    {
      "mode": "managed",
      "type": "helm_release",
      "name": "argocd",
      "provider": "provider[\"registry.terraform.io/hashicorp/helm\"]",
      "instances": [
        {
          "schema_version": 1,
          "attributes": {
            "atomic": false,
            "chart": "argo-cd",
            "cleanup_on_fail": false,
            "create_namespace": true,
            "dependency_update": false,
            "description": null,
            "devel": null,
            "disable_crd_hooks": false,
            "disable_openapi_validation": false,
            "disable_webhooks": false,
            "force_update": false,
            "id": "argocd",
            "keyring": null,
            "lint": false,
            "manifest": null,
            "max_history": 0,
            "metadata": [
              {
                "app_version": "v2.2.5",
                "chart": "argo-cd",
                "name": "argocd",
                "namespace": "argocd",
                "revision": 1,
                "values": "{\"global\":{\"image\":{\"tag\":\"v2.6.6\"}},\"server\":{\"extraArgs\":[\"--insecure\"]}}",
                "version": "3.35.4"
              }
            ],
            "name": "argocd",
            "namespace": "argocd",
            "pass_credentials": false,
            "postrender": [],
            "recreate_pods": false,
            "render_subchart_notes": true,
            "replace": false,
            "repository": "https://argoproj.github.io/argo-helm",
            "repository_ca_file": null,
            "repository_cert_file": null,
            "repository_key_file": null,
            "repository_password": null,
            "repository_username": null,
            "reset_values": false,
            "reuse_values": false,
            "set": [],
            "set_list": [],
            "set_sensitive": [],
            "skip_crds": false,
            "status": "deployed",
            "timeout": 300,
            "values": [
              "---\nglobal:\n  image:\n    tag: \"v2.6.6\"\n\nserver:\n  extraArgs:\n    - --insecure"
            ],
            "verify": false,
            "version": "3.35.4",
            "wait": true,
            "wait_for_jobs": false
          },
          "sensitive_attributes": [],
          "private": "eyJzY2hlbWFfdmVyc2lvbiI6IjEifQ=="
        }
      ]
    },
    {
      "mode": "managed",
      "type": "kubectl_manifest",
      "name": "argo_apps",
      "provider": "provider[\"registry.terraform.io/gavinbunney/kubectl\"]",
      "instances": [
        {
          "schema_version": 1,
          "attributes": {
            "api_version": "argoproj.io/v1alpha1",
            "apply_only": false,
            "force_conflicts": false,
            "force_new": false,
            "id": "/apis/argoproj.io/v1alpha1/namespaces/argocd/applications/app-of-apps",
            "ignore_fields": null,
            "kind": "Application",
            "live_manifest_incluster": "4a4a5e63123a7b188e57fb1ef8c8412d54dd9054de6fafd7d3aeee53a7efd88f",
            "live_uid": "7aa65b80-9853-48ff-812a-10db5e634737",
            "name": "app-of-apps",
            "namespace": "argocd",
            "override_namespace": null,
            "sensitive_fields": null,
            "server_side_apply": false,
            "timeouts": null,
            "uid": "7aa65b80-9853-48ff-812a-10db5e634737",
            "validate_schema": true,
            "wait": null,
            "wait_for_rollout": true,
            "yaml_body": "    apiVersion: argoproj.io/v1alpha1\n    kind: Application\n    metadata:\n      name: app-of-apps\n      namespace: argocd\n      finalizers:\n        - resources-finalizer.argocd.argoproj.io\n    spec:\n      destination:\n        namespace: argocd\n        server: \"https://kubernetes.default.svc\"\n      source:\n        path: \"argo-cd\"\n        repoURL: \"https://github.com/rafacostatmaior/argo-go-test\"\n        targetRevision: \"HEAD\"\n      project: \"devops\"\n      syncPolicy:\n        managedNamespaceMetadata:\n          labels:\n            managed: \"argo-cd\"\n        automated:\n          prune: true\n          selfHeal: true\n        syncOptions:\n          - CreateNamespace=true\n          - PruneLast=true\n        retry:\n          limit: 5\n          backoff:\n            duration: 5s\n            maxDuration: 3m0s\n            factor: 2\n",
            "yaml_body_parsed": "apiVersion: argoproj.io/v1alpha1\nkind: Application\nmetadata:\n  finalizers:\n  - resources-finalizer.argocd.argoproj.io\n  name: app-of-apps\n  namespace: argocd\nspec:\n  destination:\n    namespace: argocd\n    server: https://kubernetes.default.svc\n  project: devops\n  source:\n    path: argo-cd\n    repoURL: https://github.com/rafacostatmaior/argo-go-test\n    targetRevision: HEAD\n  syncPolicy:\n    automated:\n      prune: true\n      selfHeal: true\n    managedNamespaceMetadata:\n      labels:\n        managed: argo-cd\n    retry:\n      backoff:\n        duration: 5s\n        factor: 2\n        maxDuration: 3m0s\n      limit: 5\n    syncOptions:\n    - CreateNamespace=true\n    - PruneLast=true\n",
            "yaml_incluster": "4a4a5e63123a7b188e57fb1ef8c8412d54dd9054de6fafd7d3aeee53a7efd88f"
          },
          "sensitive_attributes": [],
          "private": "eyJlMmJmYjczMC1lY2FhLTExZTYtOGY4OC0zNDM2M2JjN2M0YzAiOnsiY3JlYXRlIjo2MDAwMDAwMDAwMDB9LCJzY2hlbWFfdmVyc2lvbiI6IjEifQ==",
          "dependencies": [
            "helm_release.argocd"
          ]
        }
      ]
    },
    {
      "mode": "managed",
      "type": "kubectl_manifest",
      "name": "argo_project",
      "provider": "provider[\"registry.terraform.io/gavinbunney/kubectl\"]",
      "instances": [
        {
          "schema_version": 1,
          "attributes": {
            "api_version": "argoproj.io/v1alpha1",
            "apply_only": false,
            "force_conflicts": false,
            "force_new": false,
            "id": "/apis/argoproj.io/v1alpha1/namespaces/argocd/appprojects/devops",
            "ignore_fields": null,
            "kind": "AppProject",
            "live_manifest_incluster": "ac190b9e3e227bff63dcadddc27735d9efa3f0af4086530a6f6582b0ebbbf83e",
            "live_uid": "fb7f51c9-4d38-426c-bbea-fa0a40f97286",
            "name": "devops",
            "namespace": "argocd",
            "override_namespace": null,
            "sensitive_fields": null,
            "server_side_apply": false,
            "timeouts": null,
            "uid": "fb7f51c9-4d38-426c-bbea-fa0a40f97286",
            "validate_schema": true,
            "wait": null,
            "wait_for_rollout": true,
            "yaml_body": "apiVersion: argoproj.io/v1alpha1\nkind: AppProject\nmetadata:\n  name: devops\n  namespace: argocd\n  finalizers:\n    - resources-finalizer.argocd.argoproj.io\nspec:\n  description: \"kube services\"\n  sourceRepos:\n    - '*'\n  destinations:\n    - namespace: \"*\"\n      server: https://kubernetes.default.svc\n      name: in-cluster\n  clusterResourceWhitelist:\n    - group: '*'\n      kind: '*'\n  namespaceResourceBlacklist:\n    - group: ''\n      kind: ResourceQuota\n    - group: ''\n      kind: LimitRange\n    - group: ''\n      kind: NetworkPolicy\n  namespaceResourceWhitelist:\n    - group: '*'\n      kind: '*'\n  orphanedResources:\n    warn: false\n",
            "yaml_body_parsed": "apiVersion: argoproj.io/v1alpha1\nkind: AppProject\nmetadata:\n  finalizers:\n  - resources-finalizer.argocd.argoproj.io\n  name: devops\n  namespace: argocd\nspec:\n  clusterResourceWhitelist:\n  - group: '*'\n    kind: '*'\n  description: kube services\n  destinations:\n  - name: in-cluster\n    namespace: '*'\n    server: https://kubernetes.default.svc\n  namespaceResourceBlacklist:\n  - group: \"\"\n    kind: ResourceQuota\n  - group: \"\"\n    kind: LimitRange\n  - group: \"\"\n    kind: NetworkPolicy\n  namespaceResourceWhitelist:\n  - group: '*'\n    kind: '*'\n  orphanedResources:\n    warn: false\n  sourceRepos:\n  - '*'\n",
            "yaml_incluster": "ac190b9e3e227bff63dcadddc27735d9efa3f0af4086530a6f6582b0ebbbf83e"
          },
          "sensitive_attributes": [],
          "private": "eyJlMmJmYjczMC1lY2FhLTExZTYtOGY4OC0zNDM2M2JjN2M0YzAiOnsiY3JlYXRlIjo2MDAwMDAwMDAwMDB9LCJzY2hlbWFfdmVyc2lvbiI6IjEifQ==",
          "dependencies": [
            "helm_release.argocd"
          ]
        }
      ]
    }
  ],
  "check_results": null
}
